
Microsoft Visual Studio Solution File, Format Version 12.00
# Visual Studio Version 17
VisualStudioVersion = 17.8.34511.84
MinimumVisualStudioVersion = 10.0.40219.1
Project("{9A19103F-16F7-4668-BE54-9A1E7A4F7556}") = "ProductOffergRPCService", "ProductOffergRPCService\ProductOffergRPCService.csproj", "{CE2D56D7-3D0B-4665-BB8E-FA894CE6C7E7}"
EndProject
Project("{FAE04EC0-301F-11D3-BF4B-00C04F79EFBC}") = "Admin.API", "Admin.API\Admin.API.csproj", "{3F1E9D0F-FB2E-408E-9CCD-E86DC52B8578}"
EndProject
Project("{FAE04EC0-301F-11D3-BF4B-00C04F79EFBC}") = "User.Application", "User.Application\User.Application.csproj", "{0CE791FD-AC99-4EB0-949E-14611084F340}"
EndProject
Global
	GlobalSection(SolutionConfigurationPlatforms) = preSolution
		Debug|Any CPU = Debug|Any CPU
		Release|Any CPU = Release|Any CPU
	EndGlobalSection
	GlobalSection(ProjectConfigurationPlatforms) = postSolution
		{CE2D56D7-3D0B-4665-BB8E-FA894CE6C7E7}.Debug|Any CPU.ActiveCfg = Debug|Any CPU
		{CE2D56D7-3D0B-4665-BB8E-FA894CE6C7E7}.Debug|Any CPU.Build.0 = Debug|Any CPU
		{CE2D56D7-3D0B-4665-BB8E-FA894CE6C7E7}.Release|Any CPU.ActiveCfg = Release|Any CPU
		{CE2D56D7-3D0B-4665-BB8E-FA894CE6C7E7}.Release|Any CPU.Build.0 = Release|Any CPU
		{3F1E9D0F-FB2E-408E-9CCD-E86DC52B8578}.Debug|Any CPU.ActiveCfg = Debug|Any CPU
		{3F1E9D0F-FB2E-408E-9CCD-E86DC52B8578}.Debug|Any CPU.Build.0 = Debug|Any CPU
		{3F1E9D0F-FB2E-408E-9CCD-E86DC52B8578}.Release|Any CPU.ActiveCfg = Release|Any CPU
		{3F1E9D0F-FB2E-408E-9CCD-E86DC52B8578}.Release|Any CPU.Build.0 = Release|Any CPU
		{0CE791FD-AC99-4EB0-949E-14611084F340}.Debug|Any CPU.ActiveCfg = Debug|Any CPU
		{0CE791FD-AC99-4EB0-949E-14611084F340}.Debug|Any CPU.Build.0 = Debug|Any CPU
		{0CE791FD-AC99-4EB0-949E-14611084F340}.Release|Any CPU.ActiveCfg = Release|Any CPU
		{0CE791FD-AC99-4EB0-949E-14611084F340}.Release|Any CPU.Build.0 = Release|Any CPU
	EndGlobalSection
	GlobalSection(SolutionProperties) = preSolution
		HideSolutionNode = FALSE
	EndGlobalSection
	GlobalSection(ExtensibilityGlobals) = postSolution
		SolutionGuid = {6A9B564C-5E86-419B-8663-C1F8A4A13686}
	EndGlobalSection
EndGlobal
